
Microsoft Visual Studio Solution File, Format Version 12.00
# Visual Studio Version 16
VisualStudioVersion = 16.0.29230.61
MinimumVisualStudioVersion = 10.0.40219.1
Project("{9A19103F-16F7-4668-BE54-9A1E7A4F7556}") = "StuffPacker", "src\StuffPacker\StuffPacker.csproj", "{B2A8A59D-AFA6-4615-8B5D-0AC19296C4D3}"
EndProject
Project("{2150E333-8FDC-42A3-9474-1A3956D46DE8}") = "Site", "Site", "{0F0A5C96-689F-464D-B29B-CECBD78BC61D}"
EndProject
Project("{9A19103F-16F7-4668-BE54-9A1E7A4F7556}") = "StuffPacker.Persistence", "src\Site\StuffPacker.Persistence\StuffPacker.Persistence.csproj", "{B0E25BA8-C711-49B7-8C9C-14DBF23CA715}"
EndProject
Project("{2150E333-8FDC-42A3-9474-1A3956D46DE8}") = "Shared", "Shared", "{92695839-9807-4104-9079-CB572FC5363A}"
EndProject
Project("{9A19103F-16F7-4668-BE54-9A1E7A4F7556}") = "Shared.Contract", "src\Shared\Shared.Contract\Shared.Contract.csproj", "{F3760DDD-F01D-43DF-A021-8075DAB159A1}"
EndProject
Project("{9A19103F-16F7-4668-BE54-9A1E7A4F7556}") = "StuffPacker.Persistence.Tests", "src\Site\StuffPacker.Persistence.Tests\StuffPacker.Persistence.Tests.csproj", "{D24614E0-C9A5-4CAA-9EEF-B82455C06B63}"
EndProject
Project("{9A19103F-16F7-4668-BE54-9A1E7A4F7556}") = "Shared.Mail", "src\Shared\Shared.Mail\Shared.Mail.csproj", "{DC1F67F0-584B-4685-8C83-709238748A30}"
EndProject
Project("{9A19103F-16F7-4668-BE54-9A1E7A4F7556}") = "Shared.Mail.Tests", "src\Shared\Shared.Mail.Tests\Shared.Mail.Tests.csproj", "{FE5A7D29-FAC8-4DDF-AF7F-69D3E3F672D8}"
EndProject
Project("{FAE04EC0-301F-11D3-BF4B-00C04F79EFBC}") = "Stuffpacker.Api", "src\Site\Stuffpacker.Api\Stuffpacker.Api.csproj", "{6A2643E5-6B64-49EF-B71F-806FAB071476}"
EndProject
Project("{FAE04EC0-301F-11D3-BF4B-00C04F79EFBC}") = "Shared.Common", "src\Shared\Shared.Common\Shared.Common.csproj", "{13158241-56F1-4A47-A53D-A102D4333B3F}"
EndProject
Project("{FAE04EC0-301F-11D3-BF4B-00C04F79EFBC}") = "Stuffpacker.Api.Client", "src\Site\Stuffpacker.Api.Client\Stuffpacker.Api.Client.csproj", "{7E3DF9B7-33BB-439F-8C53-9711BBDB3E1D}"
EndProject
Project("{FAE04EC0-301F-11D3-BF4B-00C04F79EFBC}") = "StuffPacker.Api.ApiHost", "src\Site\StuffPacker.Api.ApiHost\StuffPacker.Api.ApiHost.csproj", "{ED101778-DDCE-4B87-A982-53DCA9E3CDDA}"
EndProject
Global
	GlobalSection(SolutionConfigurationPlatforms) = preSolution
		Debug|Any CPU = Debug|Any CPU
		Release|Any CPU = Release|Any CPU
	EndGlobalSection
	GlobalSection(ProjectConfigurationPlatforms) = postSolution
		{B2A8A59D-AFA6-4615-8B5D-0AC19296C4D3}.Debug|Any CPU.ActiveCfg = Debug|Any CPU
		{B2A8A59D-AFA6-4615-8B5D-0AC19296C4D3}.Debug|Any CPU.Build.0 = Debug|Any CPU
		{B2A8A59D-AFA6-4615-8B5D-0AC19296C4D3}.Release|Any CPU.ActiveCfg = Release|Any CPU
		{B2A8A59D-AFA6-4615-8B5D-0AC19296C4D3}.Release|Any CPU.Build.0 = Release|Any CPU
		{B0E25BA8-C711-49B7-8C9C-14DBF23CA715}.Debug|Any CPU.ActiveCfg = Debug|Any CPU
		{B0E25BA8-C711-49B7-8C9C-14DBF23CA715}.Debug|Any CPU.Build.0 = Debug|Any CPU
		{B0E25BA8-C711-49B7-8C9C-14DBF23CA715}.Release|Any CPU.ActiveCfg = Release|Any CPU
		{B0E25BA8-C711-49B7-8C9C-14DBF23CA715}.Release|Any CPU.Build.0 = Release|Any CPU
		{F3760DDD-F01D-43DF-A021-8075DAB159A1}.Debug|Any CPU.ActiveCfg = Debug|Any CPU
		{F3760DDD-F01D-43DF-A021-8075DAB159A1}.Debug|Any CPU.Build.0 = Debug|Any CPU
		{F3760DDD-F01D-43DF-A021-8075DAB159A1}.Release|Any CPU.ActiveCfg = Release|Any CPU
		{F3760DDD-F01D-43DF-A021-8075DAB159A1}.Release|Any CPU.Build.0 = Release|Any CPU
		{D24614E0-C9A5-4CAA-9EEF-B82455C06B63}.Debug|Any CPU.ActiveCfg = Debug|Any CPU
		{D24614E0-C9A5-4CAA-9EEF-B82455C06B63}.Debug|Any CPU.Build.0 = Debug|Any CPU
		{D24614E0-C9A5-4CAA-9EEF-B82455C06B63}.Release|Any CPU.ActiveCfg = Release|Any CPU
		{D24614E0-C9A5-4CAA-9EEF-B82455C06B63}.Release|Any CPU.Build.0 = Release|Any CPU
		{DC1F67F0-584B-4685-8C83-709238748A30}.Debug|Any CPU.ActiveCfg = Debug|Any CPU
		{DC1F67F0-584B-4685-8C83-709238748A30}.Debug|Any CPU.Build.0 = Debug|Any CPU
		{DC1F67F0-584B-4685-8C83-709238748A30}.Release|Any CPU.ActiveCfg = Release|Any CPU
		{DC1F67F0-584B-4685-8C83-709238748A30}.Release|Any CPU.Build.0 = Release|Any CPU
		{FE5A7D29-FAC8-4DDF-AF7F-69D3E3F672D8}.Debug|Any CPU.ActiveCfg = Debug|Any CPU
		{FE5A7D29-FAC8-4DDF-AF7F-69D3E3F672D8}.Debug|Any CPU.Build.0 = Debug|Any CPU
		{FE5A7D29-FAC8-4DDF-AF7F-69D3E3F672D8}.Release|Any CPU.ActiveCfg = Release|Any CPU
		{FE5A7D29-FAC8-4DDF-AF7F-69D3E3F672D8}.Release|Any CPU.Build.0 = Release|Any CPU
		{6A2643E5-6B64-49EF-B71F-806FAB071476}.Debug|Any CPU.ActiveCfg = Debug|Any CPU
		{6A2643E5-6B64-49EF-B71F-806FAB071476}.Debug|Any CPU.Build.0 = Debug|Any CPU
		{6A2643E5-6B64-49EF-B71F-806FAB071476}.Release|Any CPU.ActiveCfg = Release|Any CPU
		{6A2643E5-6B64-49EF-B71F-806FAB071476}.Release|Any CPU.Build.0 = Release|Any CPU
		{13158241-56F1-4A47-A53D-A102D4333B3F}.Debug|Any CPU.ActiveCfg = Debug|Any CPU
		{13158241-56F1-4A47-A53D-A102D4333B3F}.Debug|Any CPU.Build.0 = Debug|Any CPU
		{13158241-56F1-4A47-A53D-A102D4333B3F}.Release|Any CPU.ActiveCfg = Release|Any CPU
		{13158241-56F1-4A47-A53D-A102D4333B3F}.Release|Any CPU.Build.0 = Release|Any CPU
		{7E3DF9B7-33BB-439F-8C53-9711BBDB3E1D}.Debug|Any CPU.ActiveCfg = Debug|Any CPU
		{7E3DF9B7-33BB-439F-8C53-9711BBDB3E1D}.Debug|Any CPU.Build.0 = Debug|Any CPU
		{7E3DF9B7-33BB-439F-8C53-9711BBDB3E1D}.Release|Any CPU.ActiveCfg = Release|Any CPU
		{7E3DF9B7-33BB-439F-8C53-9711BBDB3E1D}.Release|Any CPU.Build.0 = Release|Any CPU
		{ED101778-DDCE-4B87-A982-53DCA9E3CDDA}.Debug|Any CPU.ActiveCfg = Debug|Any CPU
		{ED101778-DDCE-4B87-A982-53DCA9E3CDDA}.Debug|Any CPU.Build.0 = Debug|Any CPU
		{ED101778-DDCE-4B87-A982-53DCA9E3CDDA}.Release|Any CPU.ActiveCfg = Release|Any CPU
		{ED101778-DDCE-4B87-A982-53DCA9E3CDDA}.Release|Any CPU.Build.0 = Release|Any CPU
	EndGlobalSection
	GlobalSection(SolutionProperties) = preSolution
		HideSolutionNode = FALSE
	EndGlobalSection
	GlobalSection(NestedProjects) = preSolution
		{B2A8A59D-AFA6-4615-8B5D-0AC19296C4D3} = {0F0A5C96-689F-464D-B29B-CECBD78BC61D}
		{B0E25BA8-C711-49B7-8C9C-14DBF23CA715} = {0F0A5C96-689F-464D-B29B-CECBD78BC61D}
		{F3760DDD-F01D-43DF-A021-8075DAB159A1} = {92695839-9807-4104-9079-CB572FC5363A}
		{D24614E0-C9A5-4CAA-9EEF-B82455C06B63} = {0F0A5C96-689F-464D-B29B-CECBD78BC61D}
		{DC1F67F0-584B-4685-8C83-709238748A30} = {92695839-9807-4104-9079-CB572FC5363A}
		{FE5A7D29-FAC8-4DDF-AF7F-69D3E3F672D8} = {92695839-9807-4104-9079-CB572FC5363A}
		{6A2643E5-6B64-49EF-B71F-806FAB071476} = {0F0A5C96-689F-464D-B29B-CECBD78BC61D}
		{13158241-56F1-4A47-A53D-A102D4333B3F} = {92695839-9807-4104-9079-CB572FC5363A}
		{7E3DF9B7-33BB-439F-8C53-9711BBDB3E1D} = {0F0A5C96-689F-464D-B29B-CECBD78BC61D}
		{ED101778-DDCE-4B87-A982-53DCA9E3CDDA} = {0F0A5C96-689F-464D-B29B-CECBD78BC61D}
	EndGlobalSection
	GlobalSection(ExtensibilityGlobals) = postSolution
		SolutionGuid = {EBF64051-EA1D-431D-B56D-3A0BC94FF357}
	EndGlobalSection
EndGlobal
